{
  "name": "task-manager",
  "version": "1.0.0",
  "lockfileVersion": 1,
  "requires": true,
  "dependencies": {
    "bson": {
      "version": "0.1.5",
      "resolved": "https://registry.npmjs.org/bson/-/bson-0.1.5.tgz",
      "integrity": "sha1-in/jHyL5sK6raDE84g4XbATaC3A="
    },
    "mongodb": {
      "version": "1.1.10",
      "resolved": "https://registry.npmjs.org/mongodb/-/mongodb-1.1.10.tgz",
      "integrity": "sha1-+5DFQ47JvXBTtpPfPlxbPgcqNnM=",
      "requires": {
        "bson": "0.1.5"
      }
    }
  }
}
